
Microsoft Visual Studio Solution File, Format Version 12.00
# Visual Studio 15
VisualStudioVersion = 15.0.26730.16
MinimumVisualStudioVersion = 10.0.40219.1
Project("{FAE04EC0-301F-11D3-BF4B-00C04F79EFBC}") = "Lab2", "Lab2\Lab2.csproj", "{44949C2F-52BE-4E58-A48B-0BF739358221}"
EndProject
Project("{2150E333-8FDC-42A3-9474-1A3956D46DE8}") = "Solution Items", "Solution Items", "{FED093E7-ECD1-4303-95B6-94E0FC7C7A2A}"
	ProjectSection(SolutionItems) = preProject
		..\..\..\test.txt = ..\..\..\test.txt
	EndProjectSection
EndProject
Global
	GlobalSection(SolutionConfigurationPlatforms) = preSolution
		Debug|Any CPU = Debug|Any CPU
		Release|Any CPU = Release|Any CPU
	EndGlobalSection
	GlobalSection(ProjectConfigurationPlatforms) = postSolution
		{44949C2F-52BE-4E58-A48B-0BF739358221}.Debug|Any CPU.ActiveCfg = Debug|Any CPU
		{44949C2F-52BE-4E58-A48B-0BF739358221}.Debug|Any CPU.Build.0 = Debug|Any CPU
		{44949C2F-52BE-4E58-A48B-0BF739358221}.Release|Any CPU.ActiveCfg = Release|Any CPU
		{44949C2F-52BE-4E58-A48B-0BF739358221}.Release|Any CPU.Build.0 = Release|Any CPU
	EndGlobalSection
	GlobalSection(SolutionProperties) = preSolution
		HideSolutionNode = FALSE
	EndGlobalSection
	GlobalSection(ExtensibilityGlobals) = postSolution
		SolutionGuid = {B42BF28F-7722-4250-886D-F14B8ABC495A}
	EndGlobalSection
EndGlobal
